// !$*UTF8*$!
{
	archiveVersion = 1;
	classes = {
	};
	objectVersion = 50;
	objects = {

/* Begin PBXBuildFile section */
		935A57C423E6A8AE00AA2C7D /* UIAlertAction+Common.m in Sources */ = {isa = PBXBuildFile; fileRef = 935A57C323E6A8AE00AA2C7D /* UIAlertAction+Common.m */; };
		935A57C723E7510600AA2C7D /* SpecialButton.m in Sources */ = {isa = PBXBuildFile; fileRef = 935A57C623E7510600AA2C7D /* SpecialButton.m */; };
		935A57CA23E761D300AA2C7D /* SpecialTableViewCell.m in Sources */ = {isa = PBXBuildFile; fileRef = 935A57C923E761D300AA2C7D /* SpecialTableViewCell.m */; };
		93666BE123CFC98B004511C5 /* InfoTableViewController.m in Sources */ = {isa = PBXBuildFile; fileRef = 93666BE023CFC98B004511C5 /* InfoTableViewController.m */; };
		93891D9523B16D76001480E8 /* Main.storyboard in Resources */ = {isa = PBXBuildFile; fileRef = 93891D9323B16D76001480E8 /* Main.storyboard */; };
		93AAC8B923DBF848008F8FED /* CircleImageView.m in Sources */ = {isa = PBXBuildFile; fileRef = 93AAC8B823DBF848008F8FED /* CircleImageView.m */; };
		BD5BEF5E23E2981E0014EE51 /* globalVars.m in Sources */ = {isa = PBXBuildFile; fileRef = BD5BEF5D23E2981E0014EE51 /* globalVars.m */; };
		BDCF0697224B544F00ED9A62 /* AppDelegate.m in Sources */ = {isa = PBXBuildFile; fileRef = BDCF0696224B544F00ED9A62 /* AppDelegate.m */; };
		BDCF069A224B544F00ED9A62 /* ViewController.m in Sources */ = {isa = PBXBuildFile; fileRef = BDCF0699224B544F00ED9A62 /* ViewController.m */; };
		BDCF069D224B544F00ED9A62 /* Main.storyboard in Resources */ = {isa = PBXBuildFile; fileRef = BDCF069B224B544F00ED9A62 /* Main.storyboard */; };
		BDCF069F224B545100ED9A62 /* Assets.xcassets in Resources */ = {isa = PBXBuildFile; fileRef = BDCF069E224B545100ED9A62 /* Assets.xcassets */; };
		BDCF06A2224B545100ED9A62 /* LaunchScreen.storyboard in Resources */ = {isa = PBXBuildFile; fileRef = BDCF06A0224B545100ED9A62 /* LaunchScreen.storyboard */; };
		BDCF06A5224B545100ED9A62 /* main.m in Sources */ = {isa = PBXBuildFile; fileRef = BDCF06A4224B545100ED9A62 /* main.m */; };
		F25B6A202B1EE24F08E2408D /* libPods-FlashBack.a in Frameworks */ = {isa = PBXBuildFile; fileRef = DE8710948BA24FFBC03A04D4 /* libPods-FlashBack.a */; };
/* End PBXBuildFile section */

/* Begin PBXFileReference section */
		812AE756A45667D1A5844EDE /* Pods-FlashBack.release.xcconfig */ = {isa = PBXFileReference; includeInIndex = 1; lastKnownFileType = text.xcconfig; name = "Pods-FlashBack.release.xcconfig"; path = "Target Support Files/Pods-FlashBack/Pods-FlashBack.release.xcconfig"; sourceTree = "<group>"; };
		9318182E23B85E8100E3F260 /* UINavigationItem+LargeAccessoryView.h */ = {isa = PBXFileReference; lastKnownFileType = sourcecode.c.h; path = "UINavigationItem+LargeAccessoryView.h"; sourceTree = "<group>"; };
		935A57C223E6A8AE00AA2C7D /* UIAlertAction+Common.h */ = {isa = PBXFileReference; lastKnownFileType = sourcecode.c.h; path = "UIAlertAction+Common.h"; sourceTree = "<group>"; };
		935A57C323E6A8AE00AA2C7D /* UIAlertAction+Common.m */ = {isa = PBXFileReference; lastKnownFileType = sourcecode.c.objc; path = "UIAlertAction+Common.m"; sourceTree = "<group>"; };
		935A57C523E7510600AA2C7D /* SpecialButton.h */ = {isa = PBXFileReference; lastKnownFileType = sourcecode.c.h; path = SpecialButton.h; sourceTree = "<group>"; };
		935A57C623E7510600AA2C7D /* SpecialButton.m */ = {isa = PBXFileReference; lastKnownFileType = sourcecode.c.objc; path = SpecialButton.m; sourceTree = "<group>"; };
		935A57C823E761D300AA2C7D /* SpecialTableViewCell.h */ = {isa = PBXFileReference; lastKnownFileType = sourcecode.c.h; path = SpecialTableViewCell.h; sourceTree = "<group>"; };
		935A57C923E761D300AA2C7D /* SpecialTableViewCell.m */ = {isa = PBXFileReference; lastKnownFileType = sourcecode.c.objc; path = SpecialTableViewCell.m; sourceTree = "<group>"; };
		93666BDF23CFC98B004511C5 /* InfoTableViewController.h */ = {isa = PBXFileReference; lastKnownFileType = sourcecode.c.h; path = InfoTableViewController.h; sourceTree = "<group>"; };
		93666BE023CFC98B004511C5 /* InfoTableViewController.m */ = {isa = PBXFileReference; lastKnownFileType = sourcecode.c.objc; path = InfoTableViewController.m; sourceTree = "<group>"; };
		93891D9423B16D76001480E8 /* Base */ = {isa = PBXFileReference; lastKnownFileType = file.storyboard; name = Base; path = FlashBack/Base.lproj/Main.storyboard; sourceTree = "<group>"; };
		93891D9623B19319001480E8 /* UIBackgroundStyle.h */ = {isa = PBXFileReference; lastKnownFileType = sourcecode.c.h; path = UIBackgroundStyle.h; sourceTree = "<group>"; };
		93AAC8B723DBF848008F8FED /* CircleImageView.h */ = {isa = PBXFileReference; lastKnownFileType = sourcecode.c.h; path = CircleImageView.h; sourceTree = "<group>"; };
		93AAC8B823DBF848008F8FED /* CircleImageView.m */ = {isa = PBXFileReference; lastKnownFileType = sourcecode.c.objc; path = CircleImageView.m; sourceTree = "<group>"; };
		93D28AE626E25CF700D1561C /* sign.entitlements */ = {isa = PBXFileReference; fileEncoding = 4; lastKnownFileType = text.plist.entitlements; path = sign.entitlements; sourceTree = "<group>"; };
		93D28AE726E452D200D1561C /* BSAction.h */ = {isa = PBXFileReference; fileEncoding = 4; lastKnownFileType = sourcecode.c.h; path = BSAction.h; sourceTree = "<group>"; };
		93D28AE926E4533E00D1561C /* SBSRelaunchAction.h */ = {isa = PBXFileReference; fileEncoding = 4; lastKnownFileType = sourcecode.c.h; path = SBSRelaunchAction.h; sourceTree = "<group>"; };
		93D28AEA26E4534F00D1561C /* SBSRestartRenderServerAction.h */ = {isa = PBXFileReference; fileEncoding = 4; lastKnownFileType = sourcecode.c.h; path = SBSRestartRenderServerAction.h; sourceTree = "<group>"; };
		93D28AEB26E4536800D1561C /* FBSSystemService.h */ = {isa = PBXFileReference; fileEncoding = 4; lastKnownFileType = sourcecode.c.h; path = FBSSystemService.h; sourceTree = "<group>"; };
		93F6038323E1090100479F31 /* FlashBack.entitlements */ = {isa = PBXFileReference; lastKnownFileType = text.plist.entitlements; path = FlashBack.entitlements; sourceTree = "<group>"; };
		A5303A83F5FA846DCC89DB82 /* Pods-FlashBack.debug.xcconfig */ = {isa = PBXFileReference; includeInIndex = 1; lastKnownFileType = text.xcconfig; name = "Pods-FlashBack.debug.xcconfig"; path = "Target Support Files/Pods-FlashBack/Pods-FlashBack.debug.xcconfig"; sourceTree = "<group>"; };
		BD5BEF5C23E297D90014EE51 /* globalVars.h */ = {isa = PBXFileReference; lastKnownFileType = sourcecode.c.h; path = globalVars.h; sourceTree = "<group>"; };
		BD5BEF5D23E2981E0014EE51 /* globalVars.m */ = {isa = PBXFileReference; lastKnownFileType = sourcecode.c.objc; path = globalVars.m; sourceTree = "<group>"; };
		BDCF0692224B544F00ED9A62 /* FlashBack.app */ = {isa = PBXFileReference; explicitFileType = wrapper.application; includeInIndex = 0; path = FlashBack.app; sourceTree = BUILT_PRODUCTS_DIR; };
		BDCF0695224B544F00ED9A62 /* AppDelegate.h */ = {isa = PBXFileReference; lastKnownFileType = sourcecode.c.h; path = AppDelegate.h; sourceTree = "<group>"; };
		BDCF0696224B544F00ED9A62 /* AppDelegate.m */ = {isa = PBXFileReference; lastKnownFileType = sourcecode.c.objc; path = AppDelegate.m; sourceTree = "<group>"; };
		BDCF0698224B544F00ED9A62 /* ViewController.h */ = {isa = PBXFileReference; lastKnownFileType = sourcecode.c.h; path = ViewController.h; sourceTree = "<group>"; };
		BDCF0699224B544F00ED9A62 /* ViewController.m */ = {isa = PBXFileReference; lastKnownFileType = sourcecode.c.objc; path = ViewController.m; sourceTree = "<group>"; };
		BDCF069C224B544F00ED9A62 /* Base */ = {isa = PBXFileReference; lastKnownFileType = file.storyboard; name = Base; path = Base.lproj/Main.storyboard; sourceTree = "<group>"; };
		BDCF069E224B545100ED9A62 /* Assets.xcassets */ = {isa = PBXFileReference; lastKnownFileType = folder.assetcatalog; path = Assets.xcassets; sourceTree = "<group>"; };
		BDCF06A1224B545100ED9A62 /* Base */ = {isa = PBXFileReference; lastKnownFileType = file.storyboard; name = Base; path = Base.lproj/LaunchScreen.storyboard; sourceTree = "<group>"; };
		BDCF06A3224B545100ED9A62 /* Info.plist */ = {isa = PBXFileReference; lastKnownFileType = text.plist.xml; path = Info.plist; sourceTree = "<group>"; };
		BDCF06A4224B545100ED9A62 /* main.m */ = {isa = PBXFileReference; lastKnownFileType = sourcecode.c.objc; path = main.m; sourceTree = "<group>"; };
		BDCF06AE224B545100ED9A62 /* FlashBackTests.m */ = {isa = PBXFileReference; lastKnownFileType = sourcecode.c.objc; path = FlashBackTests.m; sourceTree = "<group>"; };
		BDCF06B0224B545100ED9A62 /* Info.plist */ = {isa = PBXFileReference; lastKnownFileType = text.plist.xml; path = Info.plist; sourceTree = "<group>"; };
		BDCF06B9224B545100ED9A62 /* FlashBackUITests.m */ = {isa = PBXFileReference; lastKnownFileType = sourcecode.c.objc; path = FlashBackUITests.m; sourceTree = "<group>"; };
		BDCF06BB224B545100ED9A62 /* Info.plist */ = {isa = PBXFileReference; lastKnownFileType = text.plist.xml; path = Info.plist; sourceTree = "<group>"; };
		DE8710948BA24FFBC03A04D4 /* libPods-FlashBack.a */ = {isa = PBXFileReference; explicitFileType = archive.ar; includeInIndex = 0; path = "libPods-FlashBack.a"; sourceTree = BUILT_PRODUCTS_DIR; };
/* End PBXFileReference section */

/* Begin PBXFrameworksBuildPhase section */
		BDCF068F224B544F00ED9A62 /* Frameworks */ = {
			isa = PBXFrameworksBuildPhase;
			buildActionMask = 2147483647;
			files = (
				F25B6A202B1EE24F08E2408D /* libPods-FlashBack.a in Frameworks */,
			);
			runOnlyForDeploymentPostprocessing = 0;
		};
/* End PBXFrameworksBuildPhase section */

/* Begin PBXGroup section */
		BDCF0689224B544E00ED9A62 = {
			isa = PBXGroup;
			children = (
				93891D9323B16D76001480E8 /* Main.storyboard */,
				BDCF0694224B544F00ED9A62 /* FlashBack */,
				BDCF06AD224B545100ED9A62 /* FlashBackTests */,
				BDCF06B8224B545100ED9A62 /* FlashBackUITests */,
				BDCF0693224B544F00ED9A62 /* Products */,
				BDF33795226443090033A3A9 /* Frameworks */,
				F52D1D0F71680DF63B6C326B /* Pods */,
			);
			indentWidth = 2;
			sourceTree = "<group>";
			tabWidth = 2;
			usesTabs = 1;
		};
		BDCF0693224B544F00ED9A62 /* Products */ = {
			isa = PBXGroup;
			children = (
				BDCF0692224B544F00ED9A62 /* FlashBack.app */,
			);
			name = Products;
			sourceTree = "<group>";
		};
		BDCF0694224B544F00ED9A62 /* FlashBack */ = {
			isa = PBXGroup;
			children = (
				93F6038323E1090100479F31 /* FlashBack.entitlements */,
				BDCF0695224B544F00ED9A62 /* AppDelegate.h */,
				BDCF0696224B544F00ED9A62 /* AppDelegate.m */,
				93891D9623B19319001480E8 /* UIBackgroundStyle.h */,
				9318182E23B85E8100E3F260 /* UINavigationItem+LargeAccessoryView.h */,
				93D28AE726E452D200D1561C /* BSAction.h */,
				BDCF0698224B544F00ED9A62 /* ViewController.h */,
				BDCF0699224B544F00ED9A62 /* ViewController.m */,
				935A57C223E6A8AE00AA2C7D /* UIAlertAction+Common.h */,
				935A57C323E6A8AE00AA2C7D /* UIAlertAction+Common.m */,
				93666BE023CFC98B004511C5 /* InfoTableViewController.m */,
				93D28AE626E25CF700D1561C /* sign.entitlements */,
				93D28AE926E4533E00D1561C /* SBSRelaunchAction.h */,
				93D28AEB26E4536800D1561C /* FBSSystemService.h */,
				93D28AEA26E4534F00D1561C /* SBSRestartRenderServerAction.h */,
				93666BDF23CFC98B004511C5 /* InfoTableViewController.h */,
				93AAC8B723DBF848008F8FED /* CircleImageView.h */,
				93AAC8B823DBF848008F8FED /* CircleImageView.m */,
				BDCF069B224B544F00ED9A62 /* Main.storyboard */,
				935A57C823E761D300AA2C7D /* SpecialTableViewCell.h */,
				935A57C923E761D300AA2C7D /* SpecialTableViewCell.m */,
				935A57C523E7510600AA2C7D /* SpecialButton.h */,
				935A57C623E7510600AA2C7D /* SpecialButton.m */,
				BDCF069E224B545100ED9A62 /* Assets.xcassets */,
				BDCF06A0224B545100ED9A62 /* LaunchScreen.storyboard */,
				BDCF06A3224B545100ED9A62 /* Info.plist */,
				BDCF06A4224B545100ED9A62 /* main.m */,
				BD5BEF5C23E297D90014EE51 /* globalVars.h */,
				BD5BEF5D23E2981E0014EE51 /* globalVars.m */,
			);
			path = FlashBack;
			sourceTree = "<group>";
		};
		BDCF06AD224B545100ED9A62 /* FlashBackTests */ = {
			isa = PBXGroup;
			children = (
				BDCF06AE224B545100ED9A62 /* FlashBackTests.m */,
				BDCF06B0224B545100ED9A62 /* Info.plist */,
			);
			path = FlashBackTests;
			sourceTree = "<group>";
		};
		BDCF06B8224B545100ED9A62 /* FlashBackUITests */ = {
			isa = PBXGroup;
			children = (
				BDCF06B9224B545100ED9A62 /* FlashBackUITests.m */,
				BDCF06BB224B545100ED9A62 /* Info.plist */,
			);
			path = FlashBackUITests;
			sourceTree = "<group>";
		};
		BDF33795226443090033A3A9 /* Frameworks */ = {
			isa = PBXGroup;
			children = (
				DE8710948BA24FFBC03A04D4 /* libPods-FlashBack.a */,
			);
			name = Frameworks;
			sourceTree = "<group>";
		};
		F52D1D0F71680DF63B6C326B /* Pods */ = {
			isa = PBXGroup;
			children = (
				A5303A83F5FA846DCC89DB82 /* Pods-FlashBack.debug.xcconfig */,
				812AE756A45667D1A5844EDE /* Pods-FlashBack.release.xcconfig */,
			);
			path = Pods;
			sourceTree = "<group>";
		};
/* End PBXGroup section */

/* Begin PBXNativeTarget section */
		BDCF0691224B544F00ED9A62 /* FlashBack */ = {
			isa = PBXNativeTarget;
			buildConfigurationList = BDCF06BE224B545100ED9A62 /* Build configuration list for PBXNativeTarget "FlashBack" */;
			buildPhases = (
				84699C26E4C6F3DB53C5F986 /* [CP] Check Pods Manifest.lock */,
				BDCF068E224B544F00ED9A62 /* Sources */,
				BDCF068F224B544F00ED9A62 /* Frameworks */,
				BDCF0690224B544F00ED9A62 /* Resources */,
			);
			buildRules = (
			);
			dependencies = (
			);
			name = FlashBack;
			productName = FlashBack;
			productReference = BDCF0692224B544F00ED9A62 /* FlashBack.app */;
			productType = "com.apple.product-type.application";
		};
/* End PBXNativeTarget section */

/* Begin PBXProject section */
		BDCF068A224B544F00ED9A62 /* Project object */ = {
			isa = PBXProject;
			attributes = {
				LastUpgradeCheck = 1300;
				ORGANIZATIONNAME = "Micah Gomez";
				TargetAttributes = {
					BDCF0691224B544F00ED9A62 = {
						CreatedOnToolsVersion = 10.2;
					};
				};
			};
			buildConfigurationList = BDCF068D224B544F00ED9A62 /* Build configuration list for PBXProject "FlashBack" */;
			compatibilityVersion = "Xcode 9.3";
			developmentRegion = en;
			hasScannedForEncodings = 0;
			knownRegions = (
				en,
				Base,
			);
			mainGroup = BDCF0689224B544E00ED9A62;
			productRefGroup = BDCF0693224B544F00ED9A62 /* Products */;
			projectDirPath = "";
			projectRoot = "";
			targets = (
				BDCF0691224B544F00ED9A62 /* FlashBack */,
			);
		};
/* End PBXProject section */

/* Begin PBXResourcesBuildPhase section */
		BDCF0690224B544F00ED9A62 /* Resources */ = {
			isa = PBXResourcesBuildPhase;
			buildActionMask = 2147483647;
			files = (
				BDCF06A2224B545100ED9A62 /* LaunchScreen.storyboard in Resources */,
				BDCF069F224B545100ED9A62 /* Assets.xcassets in Resources */,
				BDCF069D224B544F00ED9A62 /* Main.storyboard in Resources */,
				93891D9523B16D76001480E8 /* Main.storyboard in Resources */,
			);
			runOnlyForDeploymentPostprocessing = 0;
		};
/* End PBXResourcesBuildPhase section */

/* Begin PBXShellScriptBuildPhase section */
		84699C26E4C6F3DB53C5F986 /* [CP] Check Pods Manifest.lock */ = {
			isa = PBXShellScriptBuildPhase;
			buildActionMask = 2147483647;
			files = (
			);
			inputFileListPaths = (
			);
			inputPaths = (
				"${PODS_PODFILE_DIR_PATH}/Podfile.lock",
				"${PODS_ROOT}/Manifest.lock",
			);
			name = "[CP] Check Pods Manifest.lock";
			outputFileListPaths = (
			);
			outputPaths = (
				"$(DERIVED_FILE_DIR)/Pods-FlashBack-checkManifestLockResult.txt",
			);
			runOnlyForDeploymentPostprocessing = 0;
			shellPath = /bin/sh;
			shellScript = "diff \"${PODS_PODFILE_DIR_PATH}/Podfile.lock\" \"${PODS_ROOT}/Manifest.lock\" > /dev/null\nif [ $? != 0 ] ; then\n    # print error to STDERR\n    echo \"error: The sandbox is not in sync with the Podfile.lock. Run 'pod install' or update your CocoaPods installation.\" >&2\n    exit 1\nfi\n# This output is used by Xcode 'outputs' to avoid re-running this script phase.\necho \"SUCCESS\" > \"${SCRIPT_OUTPUT_FILE_0}\"\n";
			showEnvVarsInLog = 0;
		};
/* End PBXShellScriptBuildPhase section */

/* Begin PBXSourcesBuildPhase section */
		BDCF068E224B544F00ED9A62 /* Sources */ = {
			isa = PBXSourcesBuildPhase;
			buildActionMask = 2147483647;
			files = (
				BDCF069A224B544F00ED9A62 /* ViewController.m in Sources */,
				935A57C423E6A8AE00AA2C7D /* UIAlertAction+Common.m in Sources */,
				BDCF06A5224B545100ED9A62 /* main.m in Sources */,
				935A57CA23E761D300AA2C7D /* SpecialTableViewCell.m in Sources */,
				BD5BEF5E23E2981E0014EE51 /* globalVars.m in Sources */,
				BDCF0697224B544F00ED9A62 /* AppDelegate.m in Sources */,
				93AAC8B923DBF848008F8FED /* CircleImageView.m in Sources */,
				93666BE123CFC98B004511C5 /* InfoTableViewController.m in Sources */,
				935A57C723E7510600AA2C7D /* SpecialButton.m in Sources */,
			);
			runOnlyForDeploymentPostprocessing = 0;
		};
/* End PBXSourcesBuildPhase section */

/* Begin PBXVariantGroup section */
		93891D9323B16D76001480E8 /* Main.storyboard */ = {
			isa = PBXVariantGroup;
			children = (
				93891D9423B16D76001480E8 /* Base */,
			);
			name = Main.storyboard;
			sourceTree = "<group>";
		};
		BDCF069B224B544F00ED9A62 /* Main.storyboard */ = {
			isa = PBXVariantGroup;
			children = (
				BDCF069C224B544F00ED9A62 /* Base */,
			);
			name = Main.storyboard;
			sourceTree = "<group>";
		};
		BDCF06A0224B545100ED9A62 /* LaunchScreen.storyboard */ = {
			isa = PBXVariantGroup;
			children = (
				BDCF06A1224B545100ED9A62 /* Base */,
			);
			name = LaunchScreen.storyboard;
			sourceTree = "<group>";
		};
/* End PBXVariantGroup section */

/* Begin XCBuildConfiguration section */
		BDCF06BC224B545100ED9A62 /* Debug */ = {
			isa = XCBuildConfiguration;
			buildSettings = {
				ALWAYS_SEARCH_USER_PATHS = NO;
				CLANG_ANALYZER_NONNULL = YES;
				CLANG_ANALYZER_NUMBER_OBJECT_CONVERSION = YES_AGGRESSIVE;
				CLANG_CXX_LANGUAGE_STANDARD = "gnu++14";
				CLANG_CXX_LIBRARY = "libc++";
				CLANG_ENABLE_MODULES = YES;
				CLANG_ENABLE_OBJC_ARC = YES;
				CLANG_ENABLE_OBJC_WEAK = YES;
				CLANG_WARN_BLOCK_CAPTURE_AUTORELEASING = YES;
				CLANG_WARN_BOOL_CONVERSION = YES;
				CLANG_WARN_COMMA = YES;
				CLANG_WARN_CONSTANT_CONVERSION = YES;
				CLANG_WARN_DEPRECATED_OBJC_IMPLEMENTATIONS = YES;
				CLANG_WARN_DIRECT_OBJC_ISA_USAGE = YES_ERROR;
				CLANG_WARN_DOCUMENTATION_COMMENTS = YES;
				CLANG_WARN_EMPTY_BODY = YES;
				CLANG_WARN_ENUM_CONVERSION = YES;
				CLANG_WARN_INFINITE_RECURSION = YES;
				CLANG_WARN_INT_CONVERSION = YES;
				CLANG_WARN_NON_LITERAL_NULL_CONVERSION = YES;
				CLANG_WARN_OBJC_IMPLICIT_RETAIN_SELF = YES;
				CLANG_WARN_OBJC_LITERAL_CONVERSION = YES;
				CLANG_WARN_OBJC_ROOT_CLASS = YES_ERROR;
				CLANG_WARN_QUOTED_INCLUDE_IN_FRAMEWORK_HEADER = YES;
				CLANG_WARN_RANGE_LOOP_ANALYSIS = YES;
				CLANG_WARN_STRICT_PROTOTYPES = YES;
				CLANG_WARN_SUSPICIOUS_MOVE = YES;
				CLANG_WARN_UNGUARDED_AVAILABILITY = YES_AGGRESSIVE;
				CLANG_WARN_UNREACHABLE_CODE = YES;
				CLANG_WARN__DUPLICATE_METHOD_MATCH = YES;
				CODE_SIGNING_ALLOWED = NO;
				CODE_SIGN_IDENTITY = "iPhone Developer";
				COPY_PHASE_STRIP = NO;
				DEBUG_INFORMATION_FORMAT = dwarf;
				ENABLE_STRICT_OBJC_MSGSEND = YES;
				ENABLE_TESTABILITY = YES;
				GCC_C_LANGUAGE_STANDARD = gnu11;
				GCC_DYNAMIC_NO_PIC = NO;
				GCC_NO_COMMON_BLOCKS = YES;
				GCC_OPTIMIZATION_LEVEL = 0;
				GCC_PREPROCESSOR_DEFINITIONS = (
					"DEBUG=1",
					"$(inherited)",
				);
				GCC_WARN_64_TO_32_BIT_CONVERSION = YES;
				GCC_WARN_ABOUT_RETURN_TYPE = YES_ERROR;
				GCC_WARN_UNDECLARED_SELECTOR = YES;
				GCC_WARN_UNINITIALIZED_AUTOS = YES_AGGRESSIVE;
				GCC_WARN_UNUSED_FUNCTION = YES;
				GCC_WARN_UNUSED_VARIABLE = YES;
				IPHONEOS_DEPLOYMENT_TARGET = 11.0;
				MTL_ENABLE_DEBUG_INFO = INCLUDE_SOURCE;
				MTL_FAST_MATH = YES;
				ONLY_ACTIVE_ARCH = YES;
				SDKROOT = iphoneos;
			};
			name = Debug;
		};
		BDCF06BD224B545100ED9A62 /* Release */ = {
			isa = XCBuildConfiguration;
			buildSettings = {
				ALWAYS_SEARCH_USER_PATHS = NO;
				CLANG_ANALYZER_NONNULL = YES;
				CLANG_ANALYZER_NUMBER_OBJECT_CONVERSION = YES_AGGRESSIVE;
				CLANG_CXX_LANGUAGE_STANDARD = "gnu++14";
				CLANG_CXX_LIBRARY = "libc++";
				CLANG_ENABLE_MODULES = YES;
				CLANG_ENABLE_OBJC_ARC = YES;
				CLANG_ENABLE_OBJC_WEAK = YES;
				CLANG_WARN_BLOCK_CAPTURE_AUTORELEASING = YES;
				CLANG_WARN_BOOL_CONVERSION = YES;
				CLANG_WARN_COMMA = YES;
				CLANG_WARN_CONSTANT_CONVERSION = YES;
				CLANG_WARN_DEPRECATED_OBJC_IMPLEMENTATIONS = YES;
				CLANG_WARN_DIRECT_OBJC_ISA_USAGE = YES_ERROR;
				CLANG_WARN_DOCUMENTATION_COMMENTS = YES;
				CLANG_WARN_EMPTY_BODY = YES;
				CLANG_WARN_ENUM_CONVERSION = YES;
				CLANG_WARN_INFINITE_RECURSION = YES;
				CLANG_WARN_INT_CONVERSION = YES;
				CLANG_WARN_NON_LITERAL_NULL_CONVERSION = YES;
				CLANG_WARN_OBJC_IMPLICIT_RETAIN_SELF = YES;
				CLANG_WARN_OBJC_LITERAL_CONVERSION = YES;
				CLANG_WARN_OBJC_ROOT_CLASS = YES_ERROR;
				CLANG_WARN_QUOTED_INCLUDE_IN_FRAMEWORK_HEADER = YES;
				CLANG_WARN_RANGE_LOOP_ANALYSIS = YES;
				CLANG_WARN_STRICT_PROTOTYPES = YES;
				CLANG_WARN_SUSPICIOUS_MOVE = YES;
				CLANG_WARN_UNGUARDED_AVAILABILITY = YES_AGGRESSIVE;
				CLANG_WARN_UNREACHABLE_CODE = YES;
				CLANG_WARN__DUPLICATE_METHOD_MATCH = YES;
				CODE_SIGNING_ALLOWED = NO;
				CODE_SIGN_IDENTITY = "iPhone Developer";
				COPY_PHASE_STRIP = NO;
				DEBUG_INFORMATION_FORMAT = "dwarf-with-dsym";
				ENABLE_NS_ASSERTIONS = NO;
				ENABLE_STRICT_OBJC_MSGSEND = YES;
				GCC_C_LANGUAGE_STANDARD = gnu11;
				GCC_NO_COMMON_BLOCKS = YES;
				GCC_WARN_64_TO_32_BIT_CONVERSION = YES;
				GCC_WARN_ABOUT_RETURN_TYPE = YES_ERROR;
				GCC_WARN_UNDECLARED_SELECTOR = YES;
				GCC_WARN_UNINITIALIZED_AUTOS = YES_AGGRESSIVE;
				GCC_WARN_UNUSED_FUNCTION = YES;
				GCC_WARN_UNUSED_VARIABLE = YES;
				IPHONEOS_DEPLOYMENT_TARGET = 11.0;
				MTL_ENABLE_DEBUG_INFO = NO;
				MTL_FAST_MATH = YES;
				SDKROOT = iphoneos;
				VALIDATE_PRODUCT = YES;
			};
			name = Release;
		};
		BDCF06BF224B545100ED9A62 /* Debug */ = {
			isa = XCBuildConfiguration;
			baseConfigurationReference = A5303A83F5FA846DCC89DB82 /* Pods-FlashBack.debug.xcconfig */;
			buildSettings = {
				ALWAYS_SEARCH_USER_PATHS = NO;
				ASSETCATALOG_COMPILER_APPICON_NAME = AppIcon;
				CODE_SIGN_ENTITLEMENTS = FlashBack/FlashBack.entitlements;
				CODE_SIGN_IDENTITY = "Apple Development";
				CODE_SIGN_STYLE = Automatic;
				DEVELOPMENT_TEAM = "";
				FRAMEWORK_SEARCH_PATHS = (
					"$(inherited)",
					"\"/Users/micahgomez/Downloads/iOS-Runtime-Headers-master/PrivateFrameworks\"/**",
				);
				INFOPLIST_FILE = FlashBack/Info.plist;
				LD_RUNPATH_SEARCH_PATHS = (
					"$(inherited)",
					"@executable_path/Frameworks",
				);
				MARKETING_VERSION = 4.0.2;
				PRODUCT_BUNDLE_IDENTIFIER = com.mpg13.FlashBack;
				PRODUCT_NAME = "$(TARGET_NAME)";
				PROVISIONING_PROFILE_SPECIFIER = "";
				SUPPORTS_MACCATALYST = NO;
				TARGETED_DEVICE_FAMILY = "1,2";
			};
			name = Debug;
		};
		BDCF06C0224B545100ED9A62 /* Release */ = {
			isa = XCBuildConfiguration;
			baseConfigurationReference = 812AE756A45667D1A5844EDE /* Pods-FlashBack.release.xcconfig */;
			buildSettings = {
				ALWAYS_SEARCH_USER_PATHS = NO;
				ASSETCATALOG_COMPILER_APPICON_NAME = AppIcon;
				CODE_SIGN_ENTITLEMENTS = FlashBack/FlashBack.entitlements;
				CODE_SIGN_IDENTITY = "Apple Development";
				CODE_SIGN_STYLE = Automatic;
				DEVELOPMENT_TEAM = "";
				FRAMEWORK_SEARCH_PATHS = (
					"$(inherited)",
					"\"/Users/micahgomez/Downloads/iOS-Runtime-Headers-master/PrivateFrameworks\"/**",
				);
				INFOPLIST_FILE = FlashBack/Info.plist;
				LD_RUNPATH_SEARCH_PATHS = (
					"$(inherited)",
					"@executable_path/Frameworks",
				);
				MARKETING_VERSION = 4.0.2;
				PRODUCT_BUNDLE_IDENTIFIER = com.mpg13.FlashBack;
				PRODUCT_NAME = "$(TARGET_NAME)";
				PROVISIONING_PROFILE_SPECIFIER = "";
				SUPPORTS_MACCATALYST = NO;
				TARGETED_DEVICE_FAMILY = "1,2";
			};
			name = Release;
		};
/* End XCBuildConfiguration section */

/* Begin XCConfigurationList section */
		BDCF068D224B544F00ED9A62 /* Build configuration list for PBXProject "FlashBack" */ = {
			isa = XCConfigurationList;
			buildConfigurations = (
				BDCF06BC224B545100ED9A62 /* Debug */,
				BDCF06BD224B545100ED9A62 /* Release */,
			);
			defaultConfigurationIsVisible = 0;
			defaultConfigurationName = Release;
		};
		BDCF06BE224B545100ED9A62 /* Build configuration list for PBXNativeTarget "FlashBack" */ = {
			isa = XCConfigurationList;
			buildConfigurations = (
				BDCF06BF224B545100ED9A62 /* Debug */,
				BDCF06C0224B545100ED9A62 /* Release */,
			);
			defaultConfigurationIsVisible = 0;
			defaultConfigurationName = Release;
		};
/* End XCConfigurationList section */
	};
	rootObject = BDCF068A224B544F00ED9A62 /* Project object */;
}
